// !$*UTF8*$!
{
	archiveVersion = 1;
	classes = {
	};
	objectVersion = 56;
	objects = {

/* Begin PBXBuildFile section */
		2D4DE27BAAEAFA19FCF0D56A /* Pods_Quotables.framework in Frameworks */ = {isa = PBXBuildFile; fileRef = 30079CE9D1A73B8570CE9A33 /* Pods_Quotables.framework */; };
		F91C15FF2BF8D448000CD259 /* QuotablesApp.swift in Sources */ = {isa = PBXBuildFile; fileRef = F91C15FE2BF8D448000CD259 /* QuotablesApp.swift */; };
		F91C16032BF8D44B000CD259 /* Assets.xcassets in Resources */ = {isa = PBXBuildFile; fileRef = F91C16022BF8D44B000CD259 /* Assets.xcassets */; };
		F91C16062BF8D44B000CD259 /* Preview Assets.xcassets in Resources */ = {isa = PBXBuildFile; fileRef = F91C16052BF8D44B000CD259 /* Preview Assets.xcassets */; };
		F92CF6502BFB6D51009B39DC /* QuotebookView.swift in Sources */ = {isa = PBXBuildFile; fileRef = F92CF64F2BFB6D51009B39DC /* QuotebookView.swift */; };
		F987469D2BFA822000D479E6 /* GoogleService-Info.plist in Resources */ = {isa = PBXBuildFile; fileRef = F987469C2BFA822000D479E6 /* GoogleService-Info.plist */; };
		F9BCB3292BFB225400C09711 /* LoginView.swift in Sources */ = {isa = PBXBuildFile; fileRef = F9BCB3282BFB225400C09711 /* LoginView.swift */; };
		F9BCB32B2BFB226400C09711 /* RegistrationView.swift in Sources */ = {isa = PBXBuildFile; fileRef = F9BCB32A2BFB226400C09711 /* RegistrationView.swift */; };
		F9BCB32F2BFB269600C09711 /* AuthenticationManager.swift in Sources */ = {isa = PBXBuildFile; fileRef = F9BCB32E2BFB269600C09711 /* AuthenticationManager.swift */; };
		F9BCB3342BFB318B00C09711 /* LoginViewModel.swift in Sources */ = {isa = PBXBuildFile; fileRef = F9BCB3332BFB318B00C09711 /* LoginViewModel.swift */; };
		F9BCB3362BFB31D300C09711 /* RegistrationViewModel.swift in Sources */ = {isa = PBXBuildFile; fileRef = F9BCB3352BFB31D300C09711 /* RegistrationViewModel.swift */; };
		F9BCB3382BFB508800C09711 /* SplashView.storyboard in Resources */ = {isa = PBXBuildFile; fileRef = F9BCB3372BFB508800C09711 /* SplashView.storyboard */; };
		F9BCB33A2BFB56A200C09711 /* MainView.swift in Sources */ = {isa = PBXBuildFile; fileRef = F9BCB3392BFB56A200C09711 /* MainView.swift */; };
/* End PBXBuildFile section */

/* Begin PBXFileReference section */
		30079CE9D1A73B8570CE9A33 /* Pods_Quotables.framework */ = {isa = PBXFileReference; explicitFileType = wrapper.framework; includeInIndex = 0; path = Pods_Quotables.framework; sourceTree = BUILT_PRODUCTS_DIR; };
		4D05204796CA845AA7026F48 /* Pods-Quotables.debug.xcconfig */ = {isa = PBXFileReference; includeInIndex = 1; lastKnownFileType = text.xcconfig; name = "Pods-Quotables.debug.xcconfig"; path = "Target Support Files/Pods-Quotables/Pods-Quotables.debug.xcconfig"; sourceTree = "<group>"; };
		BC186E207D0CE79A0169A99E /* Pods-Quotables.release.xcconfig */ = {isa = PBXFileReference; includeInIndex = 1; lastKnownFileType = text.xcconfig; name = "Pods-Quotables.release.xcconfig"; path = "Target Support Files/Pods-Quotables/Pods-Quotables.release.xcconfig"; sourceTree = "<group>"; };
		F91C15FB2BF8D448000CD259 /* Quotables.app */ = {isa = PBXFileReference; explicitFileType = wrapper.application; includeInIndex = 0; path = Quotables.app; sourceTree = BUILT_PRODUCTS_DIR; };
		F91C15FE2BF8D448000CD259 /* QuotablesApp.swift */ = {isa = PBXFileReference; lastKnownFileType = sourcecode.swift; path = QuotablesApp.swift; sourceTree = "<group>"; };
		F91C16022BF8D44B000CD259 /* Assets.xcassets */ = {isa = PBXFileReference; lastKnownFileType = folder.assetcatalog; path = Assets.xcassets; sourceTree = "<group>"; };
		F91C16052BF8D44B000CD259 /* Preview Assets.xcassets */ = {isa = PBXFileReference; lastKnownFileType = folder.assetcatalog; path = "Preview Assets.xcassets"; sourceTree = "<group>"; };
		F92CF64F2BFB6D51009B39DC /* QuotebookView.swift */ = {isa = PBXFileReference; lastKnownFileType = sourcecode.swift; path = QuotebookView.swift; sourceTree = "<group>"; };
		F987469C2BFA822000D479E6 /* GoogleService-Info.plist */ = {isa = PBXFileReference; fileEncoding = 4; lastKnownFileType = text.plist.xml; path = "GoogleService-Info.plist"; sourceTree = "<group>"; };
		F9BCB3282BFB225400C09711 /* LoginView.swift */ = {isa = PBXFileReference; lastKnownFileType = sourcecode.swift; path = LoginView.swift; sourceTree = "<group>"; };
		F9BCB32A2BFB226400C09711 /* RegistrationView.swift */ = {isa = PBXFileReference; lastKnownFileType = sourcecode.swift; path = RegistrationView.swift; sourceTree = "<group>"; };
		F9BCB32E2BFB269600C09711 /* AuthenticationManager.swift */ = {isa = PBXFileReference; lastKnownFileType = sourcecode.swift; path = AuthenticationManager.swift; sourceTree = "<group>"; };
		F9BCB3332BFB318B00C09711 /* LoginViewModel.swift */ = {isa = PBXFileReference; lastKnownFileType = sourcecode.swift; path = LoginViewModel.swift; sourceTree = "<group>"; };
		F9BCB3352BFB31D300C09711 /* RegistrationViewModel.swift */ = {isa = PBXFileReference; lastKnownFileType = sourcecode.swift; path = RegistrationViewModel.swift; sourceTree = "<group>"; };
		F9BCB3372BFB508800C09711 /* SplashView.storyboard */ = {isa = PBXFileReference; lastKnownFileType = file.storyboard; path = SplashView.storyboard; sourceTree = "<group>"; };
		F9BCB3392BFB56A200C09711 /* MainView.swift */ = {isa = PBXFileReference; lastKnownFileType = sourcecode.swift; path = MainView.swift; sourceTree = "<group>"; };
/* End PBXFileReference section */

/* Begin PBXFrameworksBuildPhase section */
		F91C15F82BF8D448000CD259 /* Frameworks */ = {
			isa = PBXFrameworksBuildPhase;
			buildActionMask = 2147483647;
			files = (
				2D4DE27BAAEAFA19FCF0D56A /* Pods_Quotables.framework in Frameworks */,
			);
			runOnlyForDeploymentPostprocessing = 0;
		};
/* End PBXFrameworksBuildPhase section */

/* Begin PBXGroup section */
		47B0DA6FC9D3747D5B4745BF /* Frameworks */ = {
			isa = PBXGroup;
			children = (
				30079CE9D1A73B8570CE9A33 /* Pods_Quotables.framework */,
			);
			name = Frameworks;
			sourceTree = "<group>";
		};
		E4B1D7162BBF319C45C0A38B /* Pods */ = {
			isa = PBXGroup;
			children = (
				4D05204796CA845AA7026F48 /* Pods-Quotables.debug.xcconfig */,
				BC186E207D0CE79A0169A99E /* Pods-Quotables.release.xcconfig */,
			);
			path = Pods;
			sourceTree = "<group>";
		};
		F91581882BFAFC2A00D031A4 /* Views */ = {
			isa = PBXGroup;
			children = (
				F9BCB3372BFB508800C09711 /* SplashView.storyboard */,
				F9BCB3392BFB56A200C09711 /* MainView.swift */,
				F9BCB3282BFB225400C09711 /* LoginView.swift */,
				F9BCB32A2BFB226400C09711 /* RegistrationView.swift */,
				F92CF64F2BFB6D51009B39DC /* QuotebookView.swift */,
			);
			path = Views;
			sourceTree = "<group>";
		};
		F915818A2BFAFC4300D031A4 /* Models */ = {
			isa = PBXGroup;
			children = (
			);
			path = Models;
			sourceTree = "<group>";
		};
		F915818C2BFB009F00D031A4 /* Backend */ = {
			isa = PBXGroup;
			children = (
				F987469C2BFA822000D479E6 /* GoogleService-Info.plist */,
				F9BCB32E2BFB269600C09711 /* AuthenticationManager.swift */,
			);
			path = Backend;
			sourceTree = "<group>";
		};
		F91C15F22BF8D448000CD259 = {
			isa = PBXGroup;
			children = (
				F91C15FD2BF8D448000CD259 /* Quotables */,
				F91C15FC2BF8D448000CD259 /* Products */,
				E4B1D7162BBF319C45C0A38B /* Pods */,
				47B0DA6FC9D3747D5B4745BF /* Frameworks */,
			);
			sourceTree = "<group>";
		};
		F91C15FC2BF8D448000CD259 /* Products */ = {
			isa = PBXGroup;
			children = (
				F91C15FB2BF8D448000CD259 /* Quotables.app */,
			);
			name = Products;
			sourceTree = "<group>";
		};
		F91C15FD2BF8D448000CD259 /* Quotables */ = {
			isa = PBXGroup;
			children = (
				F915818C2BFB009F00D031A4 /* Backend */,
				F915818A2BFAFC4300D031A4 /* Models */,
				F9BCB3322BFB316900C09711 /* ViewModels */,
				F91581882BFAFC2A00D031A4 /* Views */,
				F91C15FE2BF8D448000CD259 /* QuotablesApp.swift */,
				F91C16022BF8D44B000CD259 /* Assets.xcassets */,
				F91C16042BF8D44B000CD259 /* Preview Content */,
			);
			path = Quotables;
			sourceTree = "<group>";
		};
		F91C16042BF8D44B000CD259 /* Preview Content */ = {
			isa = PBXGroup;
			children = (
				F91C16052BF8D44B000CD259 /* Preview Assets.xcassets */,
			);
			path = "Preview Content";
			sourceTree = "<group>";
		};
		F9BCB3322BFB316900C09711 /* ViewModels */ = {
			isa = PBXGroup;
			children = (
				F9BCB3332BFB318B00C09711 /* LoginViewModel.swift */,
				F9BCB3352BFB31D300C09711 /* RegistrationViewModel.swift */,
			);
			path = ViewModels;
			sourceTree = "<group>";
		};
/* End PBXGroup section */

/* Begin PBXNativeTarget section */
		F91C15FA2BF8D448000CD259 /* Quotables */ = {
			isa = PBXNativeTarget;
			buildConfigurationList = F91C16092BF8D44B000CD259 /* Build configuration list for PBXNativeTarget "Quotables" */;
			buildPhases = (
				3D46B9F090B11E69611EA3B4 /* [CP] Check Pods Manifest.lock */,
				F91C15F72BF8D448000CD259 /* Sources */,
				F91C15F82BF8D448000CD259 /* Frameworks */,
				F91C15F92BF8D448000CD259 /* Resources */,
				4FE6CD9B99DBCE9A6E3BC525 /* [CP] Embed Pods Frameworks */,
			);
			buildRules = (
			);
			dependencies = (
			);
			name = Quotables;
			productName = Quotables;
			productReference = F91C15FB2BF8D448000CD259 /* Quotables.app */;
			productType = "com.apple.product-type.application";
		};
/* End PBXNativeTarget section */

/* Begin PBXProject section */
		F91C15F32BF8D448000CD259 /* Project object */ = {
			isa = PBXProject;
			attributes = {
				BuildIndependentTargetsInParallel = 1;
				LastSwiftUpdateCheck = 1540;
				LastUpgradeCheck = 1540;
				TargetAttributes = {
					F91C15FA2BF8D448000CD259 = {
						CreatedOnToolsVersion = 15.4;
					};
				};
			};
			buildConfigurationList = F91C15F62BF8D448000CD259 /* Build configuration list for PBXProject "Quotables" */;
			compatibilityVersion = "Xcode 14.0";
			developmentRegion = en;
			hasScannedForEncodings = 0;
			knownRegions = (
				en,
				Base,
			);
			mainGroup = F91C15F22BF8D448000CD259;
			productRefGroup = F91C15FC2BF8D448000CD259 /* Products */;
			projectDirPath = "";
			projectRoot = "";
			targets = (
				F91C15FA2BF8D448000CD259 /* Quotables */,
			);
		};
/* End PBXProject section */

/* Begin PBXResourcesBuildPhase section */
		F91C15F92BF8D448000CD259 /* Resources */ = {
			isa = PBXResourcesBuildPhase;
			buildActionMask = 2147483647;
			files = (
				F91C16062BF8D44B000CD259 /* Preview Assets.xcassets in Resources */,
				F91C16032BF8D44B000CD259 /* Assets.xcassets in Resources */,
				F9BCB3382BFB508800C09711 /* SplashView.storyboard in Resources */,
				F987469D2BFA822000D479E6 /* GoogleService-Info.plist in Resources */,
			);
			runOnlyForDeploymentPostprocessing = 0;
		};
/* End PBXResourcesBuildPhase section */

/* Begin PBXShellScriptBuildPhase section */
		3D46B9F090B11E69611EA3B4 /* [CP] Check Pods Manifest.lock */ = {
			isa = PBXShellScriptBuildPhase;
			buildActionMask = 2147483647;
			files = (
			);
			inputFileListPaths = (
			);
			inputPaths = (
				"${PODS_PODFILE_DIR_PATH}/Podfile.lock",
				"${PODS_ROOT}/Manifest.lock",
			);
			name = "[CP] Check Pods Manifest.lock";
			outputFileListPaths = (
			);
			outputPaths = (
				"$(DERIVED_FILE_DIR)/Pods-Quotables-checkManifestLockResult.txt",
			);
			runOnlyForDeploymentPostprocessing = 0;
			shellPath = /bin/sh;
			shellScript = "diff \"${PODS_PODFILE_DIR_PATH}/Podfile.lock\" \"${PODS_ROOT}/Manifest.lock\" > /dev/null\nif [ $? != 0 ] ; then\n    # print error to STDERR\n    echo \"error: The sandbox is not in sync with the Podfile.lock. Run 'pod install' or update your CocoaPods installation.\" >&2\n    exit 1\nfi\n# This output is used by Xcode 'outputs' to avoid re-running this script phase.\necho \"SUCCESS\" > \"${SCRIPT_OUTPUT_FILE_0}\"\n";
			showEnvVarsInLog = 0;
		};
		4FE6CD9B99DBCE9A6E3BC525 /* [CP] Embed Pods Frameworks */ = {
			isa = PBXShellScriptBuildPhase;
			buildActionMask = 2147483647;
			files = (
			);
			inputFileListPaths = (
				"${PODS_ROOT}/Target Support Files/Pods-Quotables/Pods-Quotables-frameworks-${CONFIGURATION}-input-files.xcfilelist",
			);
			name = "[CP] Embed Pods Frameworks";
			outputFileListPaths = (
				"${PODS_ROOT}/Target Support Files/Pods-Quotables/Pods-Quotables-frameworks-${CONFIGURATION}-output-files.xcfilelist",
			);
			runOnlyForDeploymentPostprocessing = 0;
			shellPath = /bin/sh;
			shellScript = "\"${PODS_ROOT}/Target Support Files/Pods-Quotables/Pods-Quotables-frameworks.sh\"\n";
			showEnvVarsInLog = 0;
		};
/* End PBXShellScriptBuildPhase section */

/* Begin PBXSourcesBuildPhase section */
		F91C15F72BF8D448000CD259 /* Sources */ = {
			isa = PBXSourcesBuildPhase;
			buildActionMask = 2147483647;
			files = (
				F9BCB3292BFB225400C09711 /* LoginView.swift in Sources */,
				F9BCB33A2BFB56A200C09711 /* MainView.swift in Sources */,
				F92CF6502BFB6D51009B39DC /* QuotebookView.swift in Sources */,
				F9BCB32F2BFB269600C09711 /* AuthenticationManager.swift in Sources */,
				F91C15FF2BF8D448000CD259 /* QuotablesApp.swift in Sources */,
				F9BCB3362BFB31D300C09711 /* RegistrationViewModel.swift in Sources */,
				F9BCB32B2BFB226400C09711 /* RegistrationView.swift in Sources */,
				F9BCB3342BFB318B00C09711 /* LoginViewModel.swift in Sources */,
			);
			runOnlyForDeploymentPostprocessing = 0;
		};
/* End PBXSourcesBuildPhase section */

/* Begin XCBuildConfiguration section */
		F91C16072BF8D44B000CD259 /* Debug */ = {
			isa = XCBuildConfiguration;
			buildSettings = {
				ALWAYS_SEARCH_USER_PATHS = NO;
				ASSETCATALOG_COMPILER_GENERATE_SWIFT_ASSET_SYMBOL_EXTENSIONS = YES;
				CLANG_ANALYZER_NONNULL = YES;
				CLANG_ANALYZER_NUMBER_OBJECT_CONVERSION = YES_AGGRESSIVE;
				CLANG_CXX_LANGUAGE_STANDARD = "gnu++20";
				CLANG_ENABLE_MODULES = YES;
				CLANG_ENABLE_OBJC_ARC = YES;
				CLANG_ENABLE_OBJC_WEAK = YES;
				CLANG_WARN_BLOCK_CAPTURE_AUTORELEASING = YES;
				CLANG_WARN_BOOL_CONVERSION = YES;
				CLANG_WARN_COMMA = YES;
				CLANG_WARN_CONSTANT_CONVERSION = YES;
				CLANG_WARN_DEPRECATED_OBJC_IMPLEMENTATIONS = YES;
				CLANG_WARN_DIRECT_OBJC_ISA_USAGE = YES_ERROR;
				CLANG_WARN_DOCUMENTATION_COMMENTS = YES;
				CLANG_WARN_EMPTY_BODY = YES;
				CLANG_WARN_ENUM_CONVERSION = YES;
				CLANG_WARN_INFINITE_RECURSION = YES;
				CLANG_WARN_INT_CONVERSION = YES;
				CLANG_WARN_NON_LITERAL_NULL_CONVERSION = YES;
				CLANG_WARN_OBJC_IMPLICIT_RETAIN_SELF = YES;
				CLANG_WARN_OBJC_LITERAL_CONVERSION = YES;
				CLANG_WARN_OBJC_ROOT_CLASS = YES_ERROR;
				CLANG_WARN_QUOTED_INCLUDE_IN_FRAMEWORK_HEADER = YES;
				CLANG_WARN_RANGE_LOOP_ANALYSIS = YES;
				CLANG_WARN_STRICT_PROTOTYPES = YES;
				CLANG_WARN_SUSPICIOUS_MOVE = YES;
				CLANG_WARN_UNGUARDED_AVAILABILITY = YES_AGGRESSIVE;
				CLANG_WARN_UNREACHABLE_CODE = YES;
				CLANG_WARN__DUPLICATE_METHOD_MATCH = YES;
				COPY_PHASE_STRIP = NO;
				DEBUG_INFORMATION_FORMAT = dwarf;
				ENABLE_STRICT_OBJC_MSGSEND = YES;
				ENABLE_TESTABILITY = YES;
				ENABLE_USER_SCRIPT_SANDBOXING = NO;
				GCC_C_LANGUAGE_STANDARD = gnu17;
				GCC_DYNAMIC_NO_PIC = NO;
				GCC_NO_COMMON_BLOCKS = YES;
				GCC_OPTIMIZATION_LEVEL = 0;
				GCC_PREPROCESSOR_DEFINITIONS = (
					"DEBUG=1",
					"$(inherited)",
				);
				GCC_WARN_64_TO_32_BIT_CONVERSION = YES;
				GCC_WARN_ABOUT_RETURN_TYPE = YES_ERROR;
				GCC_WARN_UNDECLARED_SELECTOR = YES;
				GCC_WARN_UNINITIALIZED_AUTOS = YES_AGGRESSIVE;
				GCC_WARN_UNUSED_FUNCTION = YES;
				GCC_WARN_UNUSED_VARIABLE = YES;
				IPHONEOS_DEPLOYMENT_TARGET = 17.5;
				LOCALIZATION_PREFERS_STRING_CATALOGS = YES;
				MTL_ENABLE_DEBUG_INFO = INCLUDE_SOURCE;
				MTL_FAST_MATH = YES;
				ONLY_ACTIVE_ARCH = YES;
				SDKROOT = iphoneos;
				SWIFT_ACTIVE_COMPILATION_CONDITIONS = "DEBUG $(inherited)";
				SWIFT_OPTIMIZATION_LEVEL = "-Onone";
			};
			name = Debug;
		};
		F91C16082BF8D44B000CD259 /* Release */ = {
			isa = XCBuildConfiguration;
			buildSettings = {
				ALWAYS_SEARCH_USER_PATHS = NO;
				ASSETCATALOG_COMPILER_GENERATE_SWIFT_ASSET_SYMBOL_EXTENSIONS = YES;
				CLANG_ANALYZER_NONNULL = YES;
				CLANG_ANALYZER_NUMBER_OBJECT_CONVERSION = YES_AGGRESSIVE;
				CLANG_CXX_LANGUAGE_STANDARD = "gnu++20";
				CLANG_ENABLE_MODULES = YES;
				CLANG_ENABLE_OBJC_ARC = YES;
				CLANG_ENABLE_OBJC_WEAK = YES;
				CLANG_WARN_BLOCK_CAPTURE_AUTORELEASING = YES;
				CLANG_WARN_BOOL_CONVERSION = YES;
				CLANG_WARN_COMMA = YES;
				CLANG_WARN_CONSTANT_CONVERSION = YES;
				CLANG_WARN_DEPRECATED_OBJC_IMPLEMENTATIONS = YES;
				CLANG_WARN_DIRECT_OBJC_ISA_USAGE = YES_ERROR;
				CLANG_WARN_DOCUMENTATION_COMMENTS = YES;
				CLANG_WARN_EMPTY_BODY = YES;
				CLANG_WARN_ENUM_CONVERSION = YES;
				CLANG_WARN_INFINITE_RECURSION = YES;
				CLANG_WARN_INT_CONVERSION = YES;
				CLANG_WARN_NON_LITERAL_NULL_CONVERSION = YES;
				CLANG_WARN_OBJC_IMPLICIT_RETAIN_SELF = YES;
				CLANG_WARN_OBJC_LITERAL_CONVERSION = YES;
				CLANG_WARN_OBJC_ROOT_CLASS = YES_ERROR;
				CLANG_WARN_QUOTED_INCLUDE_IN_FRAMEWORK_HEADER = YES;
				CLANG_WARN_RANGE_LOOP_ANALYSIS = YES;
				CLANG_WARN_STRICT_PROTOTYPES = YES;
				CLANG_WARN_SUSPICIOUS_MOVE = YES;
				CLANG_WARN_UNGUARDED_AVAILABILITY = YES_AGGRESSIVE;
				CLANG_WARN_UNREACHABLE_CODE = YES;
				CLANG_WARN__DUPLICATE_METHOD_MATCH = YES;
				COPY_PHASE_STRIP = NO;
				DEBUG_INFORMATION_FORMAT = "dwarf-with-dsym";
				ENABLE_NS_ASSERTIONS = NO;
				ENABLE_STRICT_OBJC_MSGSEND = YES;
				ENABLE_USER_SCRIPT_SANDBOXING = NO;
				GCC_C_LANGUAGE_STANDARD = gnu17;
				GCC_NO_COMMON_BLOCKS = YES;
				GCC_WARN_64_TO_32_BIT_CONVERSION = YES;
				GCC_WARN_ABOUT_RETURN_TYPE = YES_ERROR;
				GCC_WARN_UNDECLARED_SELECTOR = YES;
				GCC_WARN_UNINITIALIZED_AUTOS = YES_AGGRESSIVE;
				GCC_WARN_UNUSED_FUNCTION = YES;
				GCC_WARN_UNUSED_VARIABLE = YES;
				IPHONEOS_DEPLOYMENT_TARGET = 17.5;
				LOCALIZATION_PREFERS_STRING_CATALOGS = YES;
				MTL_ENABLE_DEBUG_INFO = NO;
				MTL_FAST_MATH = YES;
				SDKROOT = iphoneos;
				SWIFT_COMPILATION_MODE = wholemodule;
				VALIDATE_PRODUCT = YES;
			};
			name = Release;
		};
		F91C160A2BF8D44B000CD259 /* Debug */ = {
			isa = XCBuildConfiguration;
			baseConfigurationReference = 4D05204796CA845AA7026F48 /* Pods-Quotables.debug.xcconfig */;
			buildSettings = {
				ASSETCATALOG_COMPILER_APPICON_NAME = AppIcon;
				ASSETCATALOG_COMPILER_GLOBAL_ACCENT_COLOR_NAME = AccentColor;
				CODE_SIGN_STYLE = Automatic;
				CURRENT_PROJECT_VERSION = 1;
				DEVELOPMENT_ASSET_PATHS = "\"Quotables/Preview Content\"";
				DEVELOPMENT_TEAM = T5UWV3757Z;
				ENABLE_PREVIEWS = YES;
				GENERATE_INFOPLIST_FILE = YES;
				INFOPLIST_KEY_CFBundleDisplayName = Quotables;
				INFOPLIST_KEY_LSApplicationCategoryType = "public.app-category.entertainment";
				INFOPLIST_KEY_UIApplicationSceneManifest_Generation = YES;
				INFOPLIST_KEY_UIApplicationSupportsIndirectInputEvents = YES;
				INFOPLIST_KEY_UILaunchScreen_Generation = YES;
				INFOPLIST_KEY_UISupportedInterfaceOrientations = UIInterfaceOrientationPortrait;
				LD_RUNPATH_SEARCH_PATHS = (
					"$(inherited)",
					"@executable_path/Frameworks",
				);
				MARKETING_VERSION = 1.0;
				PRODUCT_BUNDLE_IDENTIFIER = com.DineshPolisetty.Quotables;
				PRODUCT_NAME = "$(TARGET_NAME)";
				SWIFT_EMIT_LOC_STRINGS = YES;
				SWIFT_VERSION = 5.0;
				TARGETED_DEVICE_FAMILY = "1,2";
			};
			name = Debug;
		};
		F91C160B2BF8D44B000CD259 /* Release */ = {
			isa = XCBuildConfiguration;
			baseConfigurationReference = BC186E207D0CE79A0169A99E /* Pods-Quotables.release.xcconfig */;
			buildSettings = {
				ASSETCATALOG_COMPILER_APPICON_NAME = AppIcon;
				ASSETCATALOG_COMPILER_GLOBAL_ACCENT_COLOR_NAME = AccentColor;
				CODE_SIGN_STYLE = Automatic;
				CURRENT_PROJECT_VERSION = 1;
				DEVELOPMENT_ASSET_PATHS = "\"Quotables/Preview Content\"";
				DEVELOPMENT_TEAM = T5UWV3757Z;
				ENABLE_PREVIEWS = YES;
				GENERATE_INFOPLIST_FILE = YES;
				INFOPLIST_KEY_CFBundleDisplayName = Quotables;
				INFOPLIST_KEY_LSApplicationCategoryType = "public.app-category.entertainment";
				INFOPLIST_KEY_UIApplicationSceneManifest_Generation = YES;
				INFOPLIST_KEY_UIApplicationSupportsIndirectInputEvents = YES;
				INFOPLIST_KEY_UILaunchScreen_Generation = YES;
				INFOPLIST_KEY_UISupportedInterfaceOrientations = UIInterfaceOrientationPortrait;
				LD_RUNPATH_SEARCH_PATHS = (
					"$(inherited)",
					"@executable_path/Frameworks",
				);
				MARKETING_VERSION = 1.0;
				PRODUCT_BUNDLE_IDENTIFIER = com.DineshPolisetty.Quotables;
				PRODUCT_NAME = "$(TARGET_NAME)";
				SWIFT_EMIT_LOC_STRINGS = YES;
				SWIFT_VERSION = 5.0;
				TARGETED_DEVICE_FAMILY = "1,2";
			};
			name = Release;
		};
/* End XCBuildConfiguration section */

/* Begin XCConfigurationList section */
		F91C15F62BF8D448000CD259 /* Build configuration list for PBXProject "Quotables" */ = {
			isa = XCConfigurationList;
			buildConfigurations = (
				F91C16072BF8D44B000CD259 /* Debug */,
				F91C16082BF8D44B000CD259 /* Release */,
			);
			defaultConfigurationIsVisible = 0;
			defaultConfigurationName = Release;
		};
		F91C16092BF8D44B000CD259 /* Build configuration list for PBXNativeTarget "Quotables" */ = {
			isa = XCConfigurationList;
			buildConfigurations = (
				F91C160A2BF8D44B000CD259 /* Debug */,
				F91C160B2BF8D44B000CD259 /* Release */,
			);
			defaultConfigurationIsVisible = 0;
			defaultConfigurationName = Release;
		};
/* End XCConfigurationList section */
	};
	rootObject = F91C15F32BF8D448000CD259 /* Project object */;
}
